
Microsoft Visual Studio Solution File, Format Version 12.00
# Visual Studio Version 16
VisualStudioVersion = 16.0.30114.105
MinimumVisualStudioVersion = 10.0.40219.1
Project("{FAE04EC0-301F-11D3-BF4B-00C04F79EFBC}") = "SportsStore", "SportsStore\SportsStore.csproj", "{D588E0D9-952C-4622-BC51-D3C6B3645F06}"
EndProject
Project("{FAE04EC0-301F-11D3-BF4B-00C04F79EFBC}") = "SportsStore.Tests", "SportsStore.Tests\SportsStore.Tests.csproj", "{F2719A78-5812-406B-8B2C-10D5128D5895}"
EndProject
Global
	GlobalSection(SolutionConfigurationPlatforms) = preSolution
		Debug|Any CPU = Debug|Any CPU
		Release|Any CPU = Release|Any CPU
	EndGlobalSection
	GlobalSection(SolutionProperties) = preSolution
		HideSolutionNode = FALSE
	EndGlobalSection
	GlobalSection(ProjectConfigurationPlatforms) = postSolution
		{D588E0D9-952C-4622-BC51-D3C6B3645F06}.Debug|Any CPU.ActiveCfg = Debug|Any CPU
		{D588E0D9-952C-4622-BC51-D3C6B3645F06}.Debug|Any CPU.Build.0 = Debug|Any CPU
		{D588E0D9-952C-4622-BC51-D3C6B3645F06}.Release|Any CPU.ActiveCfg = Release|Any CPU
		{D588E0D9-952C-4622-BC51-D3C6B3645F06}.Release|Any CPU.Build.0 = Release|Any CPU
		{F2719A78-5812-406B-8B2C-10D5128D5895}.Debug|Any CPU.ActiveCfg = Debug|Any CPU
		{F2719A78-5812-406B-8B2C-10D5128D5895}.Debug|Any CPU.Build.0 = Debug|Any CPU
		{F2719A78-5812-406B-8B2C-10D5128D5895}.Release|Any CPU.ActiveCfg = Release|Any CPU
		{F2719A78-5812-406B-8B2C-10D5128D5895}.Release|Any CPU.Build.0 = Release|Any CPU
	EndGlobalSection
EndGlobal
